
Microsoft Visual Studio Solution File, Format Version 12.00
# Visual Studio Version 17
VisualStudioVersion = 17.4.33122.133
MinimumVisualStudioVersion = 10.0.40219.1
Project("{FAE04EC0-301F-11D3-BF4B-00C04F79EFBC}") = "BucketListAdventures", "BucketListAdventures.csproj", "{5D06A324-D785-410C-BFEB-8FE66A8ECA14}"
EndProject
Global
	GlobalSection(SolutionConfigurationPlatforms) = preSolution
		Debug|Any CPU = Debug|Any CPU
		Release|Any CPU = Release|Any CPU
	EndGlobalSection
	GlobalSection(ProjectConfigurationPlatforms) = postSolution
		{5D06A324-D785-410C-BFEB-8FE66A8ECA14}.Debug|Any CPU.ActiveCfg = Debug|Any CPU
		{5D06A324-D785-410C-BFEB-8FE66A8ECA14}.Debug|Any CPU.Build.0 = Debug|Any CPU
		{5D06A324-D785-410C-BFEB-8FE66A8ECA14}.Release|Any CPU.ActiveCfg = Release|Any CPU
		{5D06A324-D785-410C-BFEB-8FE66A8ECA14}.Release|Any CPU.Build.0 = Release|Any CPU
	EndGlobalSection
	GlobalSection(SolutionProperties) = preSolution
		HideSolutionNode = FALSE
	EndGlobalSection
	GlobalSection(ExtensibilityGlobals) = postSolution
		SolutionGuid = {8FD99C2B-1231-4E60-A2C0-A21D1669FF82}
	EndGlobalSection
EndGlobal
