{
  "name": "BucketListAdventures",
  "lockfileVersion": 2,
  "requires": true,
  "packages": {
    "": {
      "dependencies": {
        "@geoapify/geocoder-autocomplete": "^1.5.1"
      }
    },
    "node_modules/@geoapify/geocoder-autocomplete": {
      "version": "1.5.1",
      "resolved": "https://registry.npmjs.org/@geoapify/geocoder-autocomplete/-/geocoder-autocomplete-1.5.1.tgz",
      "integrity": "sha512-/zU/IwW7f8EHZsdwl4Rm8wN42VlsZYtOvMDqijz0ZNMfeaBtIizMNI3/NfToj6k7b84b/o8GlCa9puaFwmPzSQ=="
    }
  },
  "dependencies": {
    "@geoapify/geocoder-autocomplete": {
      "version": "1.5.1",
      "resolved": "https://registry.npmjs.org/@geoapify/geocoder-autocomplete/-/geocoder-autocomplete-1.5.1.tgz",
      "integrity": "sha512-/zU/IwW7f8EHZsdwl4Rm8wN42VlsZYtOvMDqijz0ZNMfeaBtIizMNI3/NfToj6k7b84b/o8GlCa9puaFwmPzSQ=="
    }
  }
}
